{
  "name": "@easy1staking/cip113-sdk-ts",
  "version": "0.3.1",
  "lockfileVersion": 3,
  "requires": true,
  "packages": {
    "": {
      "name": "@easy1staking/cip113-sdk-ts",
      "version": "0.3.1",
      "license": "Apache-2.0",
      "devDependencies": {
        "@evolution-sdk/evolution": "file:../evolution-sdk/packages/evolution",
        "@types/node": "^25.5.2",
        "effect": "^3.0.0",
        "typescript": "^5.5.0"
      },
      "peerDependencies": {
        "@evolution-sdk/evolution": "^0.5.3",
        "effect": "^3.0.0"
      }
    },
    "../evolution-sdk/packages/evolution": {
      "name": "@evolution-sdk/evolution",
      "version": "0.5.3",
      "dev": true,
      "license": "MIT",
      "dependencies": {
        "@effect/platform": "^0.96.0",
        "@effect/platform-node": "^0.106.0",
        "@noble/curves": "^2.0.1",
        "@noble/hashes": "^1.8.0",
        "@scure/base": "^1.2.6",
        "@scure/bip32": "^1.7.0",
        "@scure/bip39": "^1.6.0",
        "@types/bip39": "^3.0.4",
        "bip39": "^3.1.0",
        "effect": "^3.21.1"
      },
      "devDependencies": {
        "@dcspark/cardano-multiplatform-lib-nodejs": "^6.2.0",
        "@emurgo/cardano-message-signing-nodejs": "^1.1.0",
        "tinybench": "^5.0.0",
        "tsx": "^4.20.4",
        "typescript": "^5.9.2"
      }
    },
    "node_modules/@evolution-sdk/evolution": {
      "resolved": "../evolution-sdk/packages/evolution",
      "link": true
    },
    "node_modules/@standard-schema/spec": {
      "version": "1.1.0",
      "resolved": "https://registry.npmjs.org/@standard-schema/spec/-/spec-1.1.0.tgz",
      "integrity": "sha512-l2aFy5jALhniG5HgqrD6jXLi/rUWrKvqN/qJx6yoJsgKhblVd+iqqU4RCXavm/jPityDo5TCvKMnpjKnOriy0w==",
      "dev": true,
      "license": "MIT"
    },
    "node_modules/@types/node": {
      "version": "25.6.0",
      "resolved": "https://registry.npmjs.org/@types/node/-/node-25.6.0.tgz",
      "integrity": "sha512-+qIYRKdNYJwY3vRCZMdJbPLJAtGjQBudzZzdzwQYkEPQd+PJGixUL5QfvCLDaULoLv+RhT3LDkwEfKaAkgSmNQ==",
      "dev": true,
      "license": "MIT",
      "dependencies": {
        "undici-types": "~7.19.0"
      }
    },
    "node_modules/effect": {
      "version": "3.21.0",
      "resolved": "https://registry.npmjs.org/effect/-/effect-3.21.0.tgz",
      "integrity": "sha512-PPN80qRokCd1f015IANNhrwOnLO7GrrMQfk4/lnZRE/8j7UPWrNNjPV0uBrZutI/nHzernbW+J0hdqQysHiSnQ==",
      "dev": true,
      "license": "MIT",
      "dependencies": {
        "@standard-schema/spec": "^1.0.0",
        "fast-check": "^3.23.1"
      }
    },
    "node_modules/fast-check": {
      "version": "3.23.2",
      "resolved": "https://registry.npmjs.org/fast-check/-/fast-check-3.23.2.tgz",
      "integrity": "sha512-h5+1OzzfCC3Ef7VbtKdcv7zsstUQwUDlYpUTvjeUsJAssPgLn7QzbboPtL5ro04Mq0rPOsMzl7q5hIbRs2wD1A==",
      "dev": true,
      "funding": [
        {
          "type": "individual",
          "url": "https://github.com/sponsors/dubzzz"
        },
        {
          "type": "opencollective",
          "url": "https://opencollective.com/fast-check"
        }
      ],
      "license": "MIT",
      "dependencies": {
        "pure-rand": "^6.1.0"
      },
      "engines": {
        "node": ">=8.0.0"
      }
    },
    "node_modules/pure-rand": {
      "version": "6.1.0",
      "resolved": "https://registry.npmjs.org/pure-rand/-/pure-rand-6.1.0.tgz",
      "integrity": "sha512-bVWawvoZoBYpp6yIoQtQXHZjmz35RSVHnUOTefl8Vcjr8snTPY1wnpSPMWekcFwbxI6gtmT7rSYPFvz71ldiOA==",
      "dev": true,
      "funding": [
        {
          "type": "individual",
          "url": "https://github.com/sponsors/dubzzz"
        },
        {
          "type": "opencollective",
          "url": "https://opencollective.com/fast-check"
        }
      ],
      "license": "MIT"
    },
    "node_modules/typescript": {
      "version": "5.9.3",
      "resolved": "https://registry.npmjs.org/typescript/-/typescript-5.9.3.tgz",
      "integrity": "sha512-jl1vZzPDinLr9eUt3J/t7V6FgNEw9QjvBPdysz9KfQDD41fQrC2Y4vKQdiaUpFT4bXlb1RHhLpp8wtm6M5TgSw==",
      "dev": true,
      "license": "Apache-2.0",
      "bin": {
        "tsc": "bin/tsc",
        "tsserver": "bin/tsserver"
      },
      "engines": {
        "node": ">=14.17"
      }
    },
    "node_modules/undici-types": {
      "version": "7.19.2",
      "resolved": "https://registry.npmjs.org/undici-types/-/undici-types-7.19.2.tgz",
      "integrity": "sha512-qYVnV5OEm2AW8cJMCpdV20CDyaN3g0AjDlOGf1OW4iaDEx8MwdtChUp4zu4H0VP3nDRF/8RKWH+IPp9uW0YGZg==",
      "dev": true,
      "license": "MIT"
    }
  }
}
